{
  "name": "@darkwolf/types",
  "version": "1.0.2",
  "lockfileVersion": 2,
  "requires": true,
  "packages": {
    "": {
      "name": "@darkwolf/types",
      "version": "1.0.2",
      "license": "MIT",
      "dependencies": {
        "@darkwolf/primordials": "^1.0.8"
      },
      "engines": {
        "node": ">=12"
      }
    },
    "node_modules/@darkwolf/primordials": {
      "version": "1.0.8",
      "resolved": "https://registry.npmjs.org/@darkwolf/primordials/-/primordials-1.0.8.tgz",
      "integrity": "sha512-3zMCfjF10qE4KkK2Md+QWbkvdbGmCjNBA6xYkpzbLkxxfLojrdcgZlIbpL0QfJura2OpjENHQWAnZ+2mWskIqw==",
      "engines": {
        "node": ">=12"
      }
    }
  },
  "dependencies": {
    "@darkwolf/primordials": {
      "version": "1.0.8",
      "resolved": "https://registry.npmjs.org/@darkwolf/primordials/-/primordials-1.0.8.tgz",
      "integrity": "sha512-3zMCfjF10qE4KkK2Md+QWbkvdbGmCjNBA6xYkpzbLkxxfLojrdcgZlIbpL0QfJura2OpjENHQWAnZ+2mWskIqw=="
    }
  }
}
