{
  "name": "@darkwolf/types",
  "version": "1.0.4",
  "lockfileVersion": 2,
  "requires": true,
  "packages": {
    "": {
      "name": "@darkwolf/types",
      "version": "1.0.4",
      "license": "MIT",
      "dependencies": {
        "@darkwolf/primordials": "^1.0.9"
      },
      "engines": {
        "node": ">=12"
      }
    },
    "node_modules/@darkwolf/primordials": {
      "version": "1.0.9",
      "resolved": "https://registry.npmjs.org/@darkwolf/primordials/-/primordials-1.0.9.tgz",
      "integrity": "sha512-pJ4Rqv7r1H/HQ1SjIdVNUCslZrvWqJ6jFU9+0WppV2arI5exBZPrRyBDJnUnLDGMSSTN8fdCuWzzhV/tZmdTdA==",
      "engines": {
        "node": ">=12"
      }
    }
  },
  "dependencies": {
    "@darkwolf/primordials": {
      "version": "1.0.9",
      "resolved": "https://registry.npmjs.org/@darkwolf/primordials/-/primordials-1.0.9.tgz",
      "integrity": "sha512-pJ4Rqv7r1H/HQ1SjIdVNUCslZrvWqJ6jFU9+0WppV2arI5exBZPrRyBDJnUnLDGMSSTN8fdCuWzzhV/tZmdTdA=="
    }
  }
}
