{
  "name": "@darkwolf/types",
  "version": "1.0.0",
  "lockfileVersion": 2,
  "requires": true,
  "packages": {
    "": {
      "name": "@darkwolf/types",
      "version": "1.0.0",
      "license": "MIT",
      "dependencies": {
        "@darkwolf/primordials": "^1.0.5"
      },
      "engines": {
        "node": ">=12"
      }
    },
    "node_modules/@darkwolf/primordials": {
      "version": "1.0.5",
      "resolved": "https://registry.npmjs.org/@darkwolf/primordials/-/primordials-1.0.5.tgz",
      "integrity": "sha512-ZtGBsdRraF1NMpU4Lh4wyePtc0J5sQFForBnas2pmzQWqJiJrnyxf8EzO7X2dMlhjNwhf+0+5IdmN9dMoTlLWg==",
      "engines": {
        "node": ">=12"
      }
    }
  },
  "dependencies": {
    "@darkwolf/primordials": {
      "version": "1.0.5",
      "resolved": "https://registry.npmjs.org/@darkwolf/primordials/-/primordials-1.0.5.tgz",
      "integrity": "sha512-ZtGBsdRraF1NMpU4Lh4wyePtc0J5sQFForBnas2pmzQWqJiJrnyxf8EzO7X2dMlhjNwhf+0+5IdmN9dMoTlLWg=="
    }
  }
}
